<Solution>
  <Folder Name="/.github/" />
  <Folder Name="/.github/workflows/">
    <File Path=".github/workflows/deploy.yml" />
  </Folder>
  <Folder Name="/Solution Items/">
    <File Path=".gitignore" />
    <File Path="Directory.Build.props" />
    <File Path="README.md" />
    <File Path="soilpollution.service" />
  </Folder>
  <Project Path="soilpollution/soilpollution.csproj" />
</Solution>
